Microsoft Visual Studio Solution File, Format Version 12.00
# Visual Studio 15
VisualStudioVersion = 15.0.26228.9
MinimumVisualStudioVersion = 15.0.26124.0
Project("{2150E333-8FDC-42A3-9474-1A3956D46DE8}") = "src", "src", "{AF96D807-55A5-405F-A636-03BEAAD09547}"
EndProject
Project("{9A19103F-16F7-4668-BE54-9A1E7A4F7556}") = "GildedRoseCore.Console", "src\GildedRoseCore.Console\GildedRoseCore.Console.csproj", "{B04F5158-3084-4150-8346-36FA049B9F48}"
EndProject
Project("{9A19103F-16F7-4668-BE54-9A1E7A4F7556}") = "GildedRoseCore.Console.Tests", "src\GildedRoseCore.Console.Tests\GildedRoseCore.Console.Tests.csproj", "{FDE585D3-8FBF-429C-9D05-93080943CA63}"
EndProject
Global
	GlobalSection(SolutionConfigurationPlatforms) = preSolution
		Debug|Any CPU = Debug|Any CPU
		Debug|x64 = Debug|x64
		Debug|x86 = Debug|x86
		Release|Any CPU = Release|Any CPU
		Release|x64 = Release|x64
		Release|x86 = Release|x86
	EndGlobalSection
	GlobalSection(ProjectConfigurationPlatforms) = postSolution
		{B04F5158-3084-4150-8346-36FA049B9F48}.Debug|Any CPU.ActiveCfg = Debug|Any CPU
		{B04F5158-3084-4150-8346-36FA049B9F48}.Debug|Any CPU.Build.0 = Debug|Any CPU
		{B04F5158-3084-4150-8346-36FA049B9F48}.Debug|x64.ActiveCfg = Debug|Any CPU
		{B04F5158-3084-4150-8346-36FA049B9F48}.Debug|x64.Build.0 = Debug|Any CPU
		{B04F5158-3084-4150-8346-36FA049B9F48}.Debug|x86.ActiveCfg = Debug|Any CPU
		{B04F5158-3084-4150-8346-36FA049B9F48}.Debug|x86.Build.0 = Debug|Any CPU
		{B04F5158-3084-4150-8346-36FA049B9F48}.Release|Any CPU.ActiveCfg = Release|Any CPU
		{B04F5158-3084-4150-8346-36FA049B9F48}.Release|Any CPU.Build.0 = Release|Any CPU
		{B04F5158-3084-4150-8346-36FA049B9F48}.Release|x64.ActiveCfg = Release|Any CPU
		{B04F5158-3084-4150-8346-36FA049B9F48}.Release|x64.Build.0 = Release|Any CPU
		{B04F5158-3084-4150-8346-36FA049B9F48}.Release|x86.ActiveCfg = Release|Any CPU
		{B04F5158-3084-4150-8346-36FA049B9F48}.Release|x86.Build.0 = Release|Any CPU
		{FDE585D3-8FBF-429C-9D05-93080943CA63}.Debug|Any CPU.ActiveCfg = Debug|Any CPU
		{FDE585D3-8FBF-429C-9D05-93080943CA63}.Debug|Any CPU.Build.0 = Debug|Any CPU
		{FDE585D3-8FBF-429C-9D05-93080943CA63}.Debug|x64.ActiveCfg = Debug|Any CPU
		{FDE585D3-8FBF-429C-9D05-93080943CA63}.Debug|x64.Build.0 = Debug|Any CPU
		{FDE585D3-8FBF-429C-9D05-93080943CA63}.Debug|x86.ActiveCfg = Debug|Any CPU
		{FDE585D3-8FBF-429C-9D05-93080943CA63}.Debug|x86.Build.0 = Debug|Any CPU
		{FDE585D3-8FBF-429C-9D05-93080943CA63}.Release|Any CPU.ActiveCfg = Release|Any CPU
		{FDE585D3-8FBF-429C-9D05-93080943CA63}.Release|Any CPU.Build.0 = Release|Any CPU
		{FDE585D3-8FBF-429C-9D05-93080943CA63}.Release|x64.ActiveCfg = Release|Any CPU
		{FDE585D3-8FBF-429C-9D05-93080943CA63}.Release|x64.Build.0 = Release|Any CPU
		{FDE585D3-8FBF-429C-9D05-93080943CA63}.Release|x86.ActiveCfg = Release|Any CPU
		{FDE585D3-8FBF-429C-9D05-93080943CA63}.Release|x86.Build.0 = Release|Any CPU
	EndGlobalSection
	GlobalSection(SolutionProperties) = preSolution
		HideSolutionNode = FALSE
	EndGlobalSection
	GlobalSection(NestedProjects) = preSolution
		{B04F5158-3084-4150-8346-36FA049B9F48} = {AF96D807-55A5-405F-A636-03BEAAD09547}
		{FDE585D3-8FBF-429C-9D05-93080943CA63} = {AF96D807-55A5-405F-A636-03BEAAD09547}
	EndGlobalSection
EndGlobal
